// !$*UTF8*$!
{
	archiveVersion = 1;
	classes = {
	};
	objectVersion = 46;
	objects = {

/* Begin PBXBuildFile section */
		0D6E6F301B14AE280084CA6A /* AppDelegate.swift in Sources */ = {isa = PBXBuildFile; fileRef = 0D6E6F2F1B14AE280084CA6A /* AppDelegate.swift */; };
		0D6E6F321B14AE280084CA6A /* ViewController.swift in Sources */ = {isa = PBXBuildFile; fileRef = 0D6E6F311B14AE280084CA6A /* ViewController.swift */; };
		0D6E6F351B14AE280084CA6A /* Main.storyboard in Resources */ = {isa = PBXBuildFile; fileRef = 0D6E6F331B14AE280084CA6A /* Main.storyboard */; };
		0D6E6F371B14AE280084CA6A /* Images.xcassets in Resources */ = {isa = PBXBuildFile; fileRef = 0D6E6F361B14AE280084CA6A /* Images.xcassets */; };
		0D6E6F3A1B14AE280084CA6A /* LaunchScreen.xib in Resources */ = {isa = PBXBuildFile; fileRef = 0D6E6F381B14AE280084CA6A /* LaunchScreen.xib */; };
		0D6E6F501B14C0CD0084CA6A /* Sandbox.swift in Sources */ = {isa = PBXBuildFile; fileRef = 0D6E6F4F1B14C0CD0084CA6A /* Sandbox.swift */; };
/* End PBXBuildFile section */

/* Begin PBXFileReference section */
		0D6E6F2A1B14AE280084CA6A /* Sand.app */ = {isa = PBXFileReference; explicitFileType = wrapper.application; includeInIndex = 0; path = Sand.app; sourceTree = BUILT_PRODUCTS_DIR; };
		0D6E6F2E1B14AE280084CA6A /* Info.plist */ = {isa = PBXFileReference; lastKnownFileType = text.plist.xml; path = Info.plist; sourceTree = "<group>"; };
		0D6E6F2F1B14AE280084CA6A /* AppDelegate.swift */ = {isa = PBXFileReference; lastKnownFileType = sourcecode.swift; path = AppDelegate.swift; sourceTree = "<group>"; };
		0D6E6F311B14AE280084CA6A /* ViewController.swift */ = {isa = PBXFileReference; lastKnownFileType = sourcecode.swift; path = ViewController.swift; sourceTree = "<group>"; };
		0D6E6F341B14AE280084CA6A /* Base */ = {isa = PBXFileReference; lastKnownFileType = file.storyboard; name = Base; path = Base.lproj/Main.storyboard; sourceTree = "<group>"; };
		0D6E6F361B14AE280084CA6A /* Images.xcassets */ = {isa = PBXFileReference; lastKnownFileType = folder.assetcatalog; path = Images.xcassets; sourceTree = "<group>"; };
		0D6E6F391B14AE280084CA6A /* Base */ = {isa = PBXFileReference; lastKnownFileType = file.xib; name = Base; path = Base.lproj/LaunchScreen.xib; sourceTree = "<group>"; };
		0D6E6F4F1B14C0CD0084CA6A /* Sandbox.swift */ = {isa = PBXFileReference; fileEncoding = 4; lastKnownFileType = sourcecode.swift; path = Sandbox.swift; sourceTree = "<group>"; };
		0D6E6F511B14C4400084CA6A /* README.md */ = {isa = PBXFileReference; fileEncoding = 4; lastKnownFileType = net.daringfireball.markdown; path = README.md; sourceTree = "<group>"; };
/* End PBXFileReference section */

/* Begin PBXFrameworksBuildPhase section */
		0D6E6F271B14AE280084CA6A /* Frameworks */ = {
			isa = PBXFrameworksBuildPhase;
			buildActionMask = 2147483647;
			files = (
			);
			runOnlyForDeploymentPostprocessing = 0;
		};
/* End PBXFrameworksBuildPhase section */

/* Begin PBXGroup section */
		0D6E6F211B14AE280084CA6A = {
			isa = PBXGroup;
			children = (
				0D6E6F511B14C4400084CA6A /* README.md */,
				0D6E6F2C1B14AE280084CA6A /* Sand */,
				0D6E6F2B1B14AE280084CA6A /* Products */,
			);
			sourceTree = "<group>";
		};
		0D6E6F2B1B14AE280084CA6A /* Products */ = {
			isa = PBXGroup;
			children = (
				0D6E6F2A1B14AE280084CA6A /* Sand.app */,
			);
			name = Products;
			sourceTree = "<group>";
		};
		0D6E6F2C1B14AE280084CA6A /* Sand */ = {
			isa = PBXGroup;
			children = (
				0D6E6F2F1B14AE280084CA6A /* AppDelegate.swift */,
				0D6E6F311B14AE280084CA6A /* ViewController.swift */,
				0D6E6F4F1B14C0CD0084CA6A /* Sandbox.swift */,
				0D6E6F331B14AE280084CA6A /* Main.storyboard */,
				0D6E6F361B14AE280084CA6A /* Images.xcassets */,
				0D6E6F381B14AE280084CA6A /* LaunchScreen.xib */,
				0D6E6F2D1B14AE280084CA6A /* Supporting Files */,
			);
			path = Sand;
			sourceTree = "<group>";
		};
		0D6E6F2D1B14AE280084CA6A /* Supporting Files */ = {
			isa = PBXGroup;
			children = (
				0D6E6F2E1B14AE280084CA6A /* Info.plist */,
			);
			name = "Supporting Files";
			sourceTree = "<group>";
		};
/* End PBXGroup section */

/* Begin PBXNativeTarget section */
		0D6E6F291B14AE280084CA6A /* Sand */ = {
			isa = PBXNativeTarget;
			buildConfigurationList = 0D6E6F491B14AE280084CA6A /* Build configuration list for PBXNativeTarget "Sand" */;
			buildPhases = (
				0D6E6F261B14AE280084CA6A /* Sources */,
				0D6E6F271B14AE280084CA6A /* Frameworks */,
				0D6E6F281B14AE280084CA6A /* Resources */,
			);
			buildRules = (
			);
			dependencies = (
			);
			name = Sand;
			productName = Sand;
			productReference = 0D6E6F2A1B14AE280084CA6A /* Sand.app */;
			productType = "com.apple.product-type.application";
		};
/* End PBXNativeTarget section */

/* Begin PBXProject section */
		0D6E6F221B14AE280084CA6A /* Project object */ = {
			isa = PBXProject;
			attributes = {
				LastUpgradeCheck = 0630;
				ORGANIZATIONNAME = "Ryder Mackay";
				TargetAttributes = {
					0D6E6F291B14AE280084CA6A = {
						CreatedOnToolsVersion = 6.3.2;
					};
				};
			};
			buildConfigurationList = 0D6E6F251B14AE280084CA6A /* Build configuration list for PBXProject "Sand" */;
			compatibilityVersion = "Xcode 3.2";
			developmentRegion = English;
			hasScannedForEncodings = 0;
			knownRegions = (
				en,
				Base,
			);
			mainGroup = 0D6E6F211B14AE280084CA6A;
			productRefGroup = 0D6E6F2B1B14AE280084CA6A /* Products */;
			projectDirPath = "";
			projectRoot = "";
			targets = (
				0D6E6F291B14AE280084CA6A /* Sand */,
			);
		};
/* End PBXProject section */

/* Begin PBXResourcesBuildPhase section */
		0D6E6F281B14AE280084CA6A /* Resources */ = {
			isa = PBXResourcesBuildPhase;
			buildActionMask = 2147483647;
			files = (
				0D6E6F351B14AE280084CA6A /* Main.storyboard in Resources */,
				0D6E6F3A1B14AE280084CA6A /* LaunchScreen.xib in Resources */,
				0D6E6F371B14AE280084CA6A /* Images.xcassets in Resources */,
			);
			runOnlyForDeploymentPostprocessing = 0;
		};
/* End PBXResourcesBuildPhase section */

/* Begin PBXSourcesBuildPhase section */
		0D6E6F261B14AE280084CA6A /* Sources */ = {
			isa = PBXSourcesBuildPhase;
			buildActionMask = 2147483647;
			files = (
				0D6E6F321B14AE280084CA6A /* ViewController.swift in Sources */,
				0D6E6F501B14C0CD0084CA6A /* Sandbox.swift in Sources */,
				0D6E6F301B14AE280084CA6A /* AppDelegate.swift in Sources */,
			);
			runOnlyForDeploymentPostprocessing = 0;
		};
/* End PBXSourcesBuildPhase section */

/* Begin PBXVariantGroup section */
		0D6E6F331B14AE280084CA6A /* Main.storyboard */ = {
			isa = PBXVariantGroup;
			children = (
				0D6E6F341B14AE280084CA6A /* Base */,
			);
			name = Main.storyboard;
			sourceTree = "<group>";
		};
		0D6E6F381B14AE280084CA6A /* LaunchScreen.xib */ = {
			isa = PBXVariantGroup;
			children = (
				0D6E6F391B14AE280084CA6A /* Base */,
			);
			name = LaunchScreen.xib;
			sourceTree = "<group>";
		};
/* End PBXVariantGroup section */

/* Begin XCBuildConfiguration section */
		0D6E6F471B14AE280084CA6A /* Debug */ = {
			isa = XCBuildConfiguration;
			buildSettings = {
				ALWAYS_SEARCH_USER_PATHS = NO;
				CLANG_CXX_LANGUAGE_STANDARD = "gnu++0x";
				CLANG_CXX_LIBRARY = "libc++";
				CLANG_ENABLE_MODULES = YES;
				CLANG_ENABLE_OBJC_ARC = YES;
				CLANG_WARN_BOOL_CONVERSION = YES;
				CLANG_WARN_CONSTANT_CONVERSION = YES;
				CLANG_WARN_DIRECT_OBJC_ISA_USAGE = YES_ERROR;
				CLANG_WARN_EMPTY_BODY = YES;
				CLANG_WARN_ENUM_CONVERSION = YES;
				CLANG_WARN_INT_CONVERSION = YES;
				CLANG_WARN_OBJC_ROOT_CLASS = YES_ERROR;
				CLANG_WARN_UNREACHABLE_CODE = YES;
				CLANG_WARN__DUPLICATE_METHOD_MATCH = YES;
				"CODE_SIGN_IDENTITY[sdk=iphoneos*]" = "iPhone Developer";
				COPY_PHASE_STRIP = NO;
				DEBUG_INFORMATION_FORMAT = "dwarf-with-dsym";
				ENABLE_STRICT_OBJC_MSGSEND = YES;
				GCC_C_LANGUAGE_STANDARD = gnu99;
				GCC_DYNAMIC_NO_PIC = NO;
				GCC_NO_COMMON_BLOCKS = YES;
				GCC_OPTIMIZATION_LEVEL = 0;
				GCC_PREPROCESSOR_DEFINITIONS = (
					"DEBUG=1",
					"$(inherited)",
				);
				GCC_SYMBOLS_PRIVATE_EXTERN = NO;
				GCC_WARN_64_TO_32_BIT_CONVERSION = YES;
				GCC_WARN_ABOUT_RETURN_TYPE = YES_ERROR;
				GCC_WARN_UNDECLARED_SELECTOR = YES;
				GCC_WARN_UNINITIALIZED_AUTOS = YES_AGGRESSIVE;
				GCC_WARN_UNUSED_FUNCTION = YES;
				GCC_WARN_UNUSED_VARIABLE = YES;
				IPHONEOS_DEPLOYMENT_TARGET = 8.3;
				MTL_ENABLE_DEBUG_INFO = YES;
				ONLY_ACTIVE_ARCH = YES;
				SDKROOT = iphoneos;
				SWIFT_OPTIMIZATION_LEVEL = "-Onone";
			};
			name = Debug;
		};
		0D6E6F481B14AE280084CA6A /* Release */ = {
			isa = XCBuildConfiguration;
			buildSettings = {
				ALWAYS_SEARCH_USER_PATHS = NO;
				CLANG_CXX_LANGUAGE_STANDARD = "gnu++0x";
				CLANG_CXX_LIBRARY = "libc++";
				CLANG_ENABLE_MODULES = YES;
				CLANG_ENABLE_OBJC_ARC = YES;
				CLANG_WARN_BOOL_CONVERSION = YES;
				CLANG_WARN_CONSTANT_CONVERSION = YES;
				CLANG_WARN_DIRECT_OBJC_ISA_USAGE = YES_ERROR;
				CLANG_WARN_EMPTY_BODY = YES;
				CLANG_WARN_ENUM_CONVERSION = YES;
				CLANG_WARN_INT_CONVERSION = YES;
				CLANG_WARN_OBJC_ROOT_CLASS = YES_ERROR;
				CLANG_WARN_UNREACHABLE_CODE = YES;
				CLANG_WARN__DUPLICATE_METHOD_MATCH = YES;
				"CODE_SIGN_IDENTITY[sdk=iphoneos*]" = "iPhone Developer";
				COPY_PHASE_STRIP = NO;
				DEBUG_INFORMATION_FORMAT = "dwarf-with-dsym";
				ENABLE_NS_ASSERTIONS = NO;
				ENABLE_STRICT_OBJC_MSGSEND = YES;
				GCC_C_LANGUAGE_STANDARD = gnu99;
				GCC_NO_COMMON_BLOCKS = YES;
				GCC_WARN_64_TO_32_BIT_CONVERSION = YES;
				GCC_WARN_ABOUT_RETURN_TYPE = YES_ERROR;
				GCC_WARN_UNDECLARED_SELECTOR = YES;
				GCC_WARN_UNINITIALIZED_AUTOS = YES_AGGRESSIVE;
				GCC_WARN_UNUSED_FUNCTION = YES;
				GCC_WARN_UNUSED_VARIABLE = YES;
				IPHONEOS_DEPLOYMENT_TARGET = 8.3;
				MTL_ENABLE_DEBUG_INFO = NO;
				SDKROOT = iphoneos;
				VALIDATE_PRODUCT = YES;
			};
			name = Release;
		};
		0D6E6F4A1B14AE280084CA6A /* Debug */ = {
			isa = XCBuildConfiguration;
			buildSettings = {
				ASSETCATALOG_COMPILER_APPICON_NAME = AppIcon;
				INFOPLIST_FILE = Sand/Info.plist;
				LD_RUNPATH_SEARCH_PATHS = "$(inherited) @executable_path/Frameworks";
				PRODUCT_NAME = "$(TARGET_NAME)";
				TARGETED_DEVICE_FAMILY = 1;
			};
			name = Debug;
		};
		0D6E6F4B1B14AE280084CA6A /* Release */ = {
			isa = XCBuildConfiguration;
			buildSettings = {
				ASSETCATALOG_COMPILER_APPICON_NAME = AppIcon;
				INFOPLIST_FILE = Sand/Info.plist;
				LD_RUNPATH_SEARCH_PATHS = "$(inherited) @executable_path/Frameworks";
				PRODUCT_NAME = "$(TARGET_NAME)";
				TARGETED_DEVICE_FAMILY = 1;
			};
			name = Release;
		};
/* End XCBuildConfiguration section */

/* Begin XCConfigurationList section */
		0D6E6F251B14AE280084CA6A /* Build configuration list for PBXProject "Sand" */ = {
			isa = XCConfigurationList;
			buildConfigurations = (
				0D6E6F471B14AE280084CA6A /* Debug */,
				0D6E6F481B14AE280084CA6A /* Release */,
			);
			defaultConfigurationIsVisible = 0;
			defaultConfigurationName = Release;
		};
		0D6E6F491B14AE280084CA6A /* Build configuration list for PBXNativeTarget "Sand" */ = {
			isa = XCConfigurationList;
			buildConfigurations = (
				0D6E6F4A1B14AE280084CA6A /* Debug */,
				0D6E6F4B1B14AE280084CA6A /* Release */,
			);
			defaultConfigurationIsVisible = 0;
			defaultConfigurationName = Release;
		};
/* End XCConfigurationList section */
	};
	rootObject = 0D6E6F221B14AE280084CA6A /* Project object */;
}
